
Microsoft Visual Studio Solution File, Format Version 12.00
Project("{FAE04EC0-301F-11D3-BF4B-00C04F79EFBC}") = "products-microservice", "products-microservice\products-microservice.csproj", "{D9E46E29-B4B9-4DF6-B44E-93AE9F6F0788}"
EndProject
Global
	GlobalSection(SolutionConfigurationPlatforms) = preSolution
		Debug|Any CPU = Debug|Any CPU
		Release|Any CPU = Release|Any CPU
	EndGlobalSection
	GlobalSection(ProjectConfigurationPlatforms) = postSolution
		{D9E46E29-B4B9-4DF6-B44E-93AE9F6F0788}.Debug|Any CPU.ActiveCfg = Debug|Any CPU
		{D9E46E29-B4B9-4DF6-B44E-93AE9F6F0788}.Debug|Any CPU.Build.0 = Debug|Any CPU
		{D9E46E29-B4B9-4DF6-B44E-93AE9F6F0788}.Release|Any CPU.ActiveCfg = Release|Any CPU
		{D9E46E29-B4B9-4DF6-B44E-93AE9F6F0788}.Release|Any CPU.Build.0 = Release|Any CPU
	EndGlobalSection
EndGlobal
